
Microsoft Visual Studio Solution File, Format Version 12.00
# Visual Studio Version 17
VisualStudioVersion = 17.14.36401.2 d17.14
MinimumVisualStudioVersion = 10.0.40219.1
Project("{FAE04EC0-301F-11D3-BF4B-00C04F79EFBC}") = "MongoDB_Libweb", "MongoDB_Libweb\MongoDB_Libweb.csproj", "{140BD6F9-ED96-48DF-BF97-41AFD5E10C70}"
EndProject
Global
	GlobalSection(SolutionConfigurationPlatforms) = preSolution
		Debug|Any CPU = Debug|Any CPU
		Release|Any CPU = Release|Any CPU
	EndGlobalSection
	GlobalSection(ProjectConfigurationPlatforms) = postSolution
		{140BD6F9-ED96-48DF-BF97-41AFD5E10C70}.Debug|Any CPU.ActiveCfg = Debug|Any CPU
		{140BD6F9-ED96-48DF-BF97-41AFD5E10C70}.Debug|Any CPU.Build.0 = Debug|Any CPU
		{140BD6F9-ED96-48DF-BF97-41AFD5E10C70}.Release|Any CPU.ActiveCfg = Release|Any CPU
		{140BD6F9-ED96-48DF-BF97-41AFD5E10C70}.Release|Any CPU.Build.0 = Release|Any CPU
	EndGlobalSection
	GlobalSection(SolutionProperties) = preSolution
		HideSolutionNode = FALSE
	EndGlobalSection
	GlobalSection(ExtensibilityGlobals) = postSolution
		SolutionGuid = {73E7C55D-9CF2-46DE-A463-56B5E9D660F3}
	EndGlobalSection
EndGlobal
